
Microsoft Visual Studio Solution File, Format Version 12.00
# Visual Studio Version 17
VisualStudioVersion = 17.5.33530.505
MinimumVisualStudioVersion = 10.0.40219.1
Project("{FAE04EC0-301F-11D3-BF4B-00C04F79EFBC}") = "VidBox-Desktop", "VidBox-Desktop\VidBox-Desktop.csproj", "{906A6623-A7B9-4E8F-94BC-CA4A1C263B9A}"
EndProject
Global
	GlobalSection(SolutionConfigurationPlatforms) = preSolution
		Debug|Any CPU = Debug|Any CPU
		Release|Any CPU = Release|Any CPU
	EndGlobalSection
	GlobalSection(ProjectConfigurationPlatforms) = postSolution
		{906A6623-A7B9-4E8F-94BC-CA4A1C263B9A}.Debug|Any CPU.ActiveCfg = Debug|Any CPU
		{906A6623-A7B9-4E8F-94BC-CA4A1C263B9A}.Debug|Any CPU.Build.0 = Debug|Any CPU
		{906A6623-A7B9-4E8F-94BC-CA4A1C263B9A}.Release|Any CPU.ActiveCfg = Release|Any CPU
		{906A6623-A7B9-4E8F-94BC-CA4A1C263B9A}.Release|Any CPU.Build.0 = Release|Any CPU
	EndGlobalSection
	GlobalSection(SolutionProperties) = preSolution
		HideSolutionNode = FALSE
	EndGlobalSection
	GlobalSection(ExtensibilityGlobals) = postSolution
		SolutionGuid = {F70269DF-8AC5-4034-8D2C-9E9107C29D35}
	EndGlobalSection
EndGlobal
